// !$*UTF8*$!
{
	archiveVersion = 1;
	classes = {
	};
	objectVersion = 50;
	objects = {

/* Begin PBXBuildFile section */
		CD04EA5D20895E11000FD0B4 /* AppDelegate.swift in Sources */ = {isa = PBXBuildFile; fileRef = CD04EA5C20895E11000FD0B4 /* AppDelegate.swift */; };
		CD04EA5F20895E12000FD0B4 /* art.scnassets in Resources */ = {isa = PBXBuildFile; fileRef = CD04EA5E20895E12000FD0B4 /* art.scnassets */; };
		CD04EA6120895E12000FD0B4 /* ViewController.swift in Sources */ = {isa = PBXBuildFile; fileRef = CD04EA6020895E12000FD0B4 /* ViewController.swift */; };
		CD04EA6420895E12000FD0B4 /* Main.storyboard in Resources */ = {isa = PBXBuildFile; fileRef = CD04EA6220895E12000FD0B4 /* Main.storyboard */; };
		CD04EA6620895E16000FD0B4 /* Assets.xcassets in Resources */ = {isa = PBXBuildFile; fileRef = CD04EA6520895E16000FD0B4 /* Assets.xcassets */; };
		CD04EA6920895E16000FD0B4 /* LaunchScreen.storyboard in Resources */ = {isa = PBXBuildFile; fileRef = CD04EA6720895E16000FD0B4 /* LaunchScreen.storyboard */; };
		CD04EA72208960F1000FD0B4 /* Fireball.scnp in Resources */ = {isa = PBXBuildFile; fileRef = CD04EA70208960F1000FD0B4 /* Fireball.scnp */; };
		CD04EA73208960F1000FD0B4 /* spark.png in Resources */ = {isa = PBXBuildFile; fileRef = CD04EA71208960F1000FD0B4 /* spark.png */; };
		CD04EA812089661E000FD0B4 /* MapViewController.swift in Sources */ = {isa = PBXBuildFile; fileRef = CD04EA802089661E000FD0B4 /* MapViewController.swift */; };
		CD04EA8320896923000FD0B4 /* ARItem.swift in Sources */ = {isa = PBXBuildFile; fileRef = CD04EA8220896923000FD0B4 /* ARItem.swift */; };
		CD04EA8520896CF5000FD0B4 /* MapAnnotation.swift in Sources */ = {isa = PBXBuildFile; fileRef = CD04EA8420896CF5000FD0B4 /* MapAnnotation.swift */; };
/* End PBXBuildFile section */

/* Begin PBXFileReference section */
		CD04EA5920895E11000FD0B4 /* FolledoPokemonGo.app */ = {isa = PBXFileReference; explicitFileType = wrapper.application; includeInIndex = 0; path = FolledoPokemonGo.app; sourceTree = BUILT_PRODUCTS_DIR; };
		CD04EA5C20895E11000FD0B4 /* AppDelegate.swift */ = {isa = PBXFileReference; lastKnownFileType = sourcecode.swift; path = AppDelegate.swift; sourceTree = "<group>"; };
		CD04EA5E20895E12000FD0B4 /* art.scnassets */ = {isa = PBXFileReference; lastKnownFileType = wrapper.scnassets; path = art.scnassets; sourceTree = "<group>"; };
		CD04EA6020895E12000FD0B4 /* ViewController.swift */ = {isa = PBXFileReference; lastKnownFileType = sourcecode.swift; path = ViewController.swift; sourceTree = "<group>"; };
		CD04EA6320895E12000FD0B4 /* Base */ = {isa = PBXFileReference; lastKnownFileType = file.storyboard; name = Base; path = Base.lproj/Main.storyboard; sourceTree = "<group>"; };
		CD04EA6520895E16000FD0B4 /* Assets.xcassets */ = {isa = PBXFileReference; lastKnownFileType = folder.assetcatalog; path = Assets.xcassets; sourceTree = "<group>"; };
		CD04EA6820895E16000FD0B4 /* Base */ = {isa = PBXFileReference; lastKnownFileType = file.storyboard; name = Base; path = Base.lproj/LaunchScreen.storyboard; sourceTree = "<group>"; };
		CD04EA6A20895E16000FD0B4 /* Info.plist */ = {isa = PBXFileReference; lastKnownFileType = text.plist.xml; path = Info.plist; sourceTree = "<group>"; };
		CD04EA70208960F1000FD0B4 /* Fireball.scnp */ = {isa = PBXFileReference; lastKnownFileType = file.scp; path = Fireball.scnp; sourceTree = "<group>"; };
		CD04EA71208960F1000FD0B4 /* spark.png */ = {isa = PBXFileReference; lastKnownFileType = image.png; path = spark.png; sourceTree = "<group>"; };
		CD04EA802089661E000FD0B4 /* MapViewController.swift */ = {isa = PBXFileReference; lastKnownFileType = sourcecode.swift; path = MapViewController.swift; sourceTree = "<group>"; };
		CD04EA8220896923000FD0B4 /* ARItem.swift */ = {isa = PBXFileReference; lastKnownFileType = sourcecode.swift; path = ARItem.swift; sourceTree = "<group>"; };
		CD04EA8420896CF5000FD0B4 /* MapAnnotation.swift */ = {isa = PBXFileReference; lastKnownFileType = sourcecode.swift; path = MapAnnotation.swift; sourceTree = "<group>"; };
/* End PBXFileReference section */

/* Begin PBXFrameworksBuildPhase section */
		CD04EA5620895E11000FD0B4 /* Frameworks */ = {
			isa = PBXFrameworksBuildPhase;
			buildActionMask = 2147483647;
			files = (
			);
			runOnlyForDeploymentPostprocessing = 0;
		};
/* End PBXFrameworksBuildPhase section */

/* Begin PBXGroup section */
		CD04EA5020895E11000FD0B4 = {
			isa = PBXGroup;
			children = (
				CD04EA5B20895E11000FD0B4 /* FolledoPokemonGo */,
				CD04EA5A20895E11000FD0B4 /* Products */,
			);
			sourceTree = "<group>";
		};
		CD04EA5A20895E11000FD0B4 /* Products */ = {
			isa = PBXGroup;
			children = (
				CD04EA5920895E11000FD0B4 /* FolledoPokemonGo.app */,
			);
			name = Products;
			sourceTree = "<group>";
		};
		CD04EA5B20895E11000FD0B4 /* FolledoPokemonGo */ = {
			isa = PBXGroup;
			children = (
				CD04EA5C20895E11000FD0B4 /* AppDelegate.swift */,
				CD04EA5E20895E12000FD0B4 /* art.scnassets */,
				CD04EA6020895E12000FD0B4 /* ViewController.swift */,
				CD04EA802089661E000FD0B4 /* MapViewController.swift */,
				CD04EA8220896923000FD0B4 /* ARItem.swift */,
				CD04EA8420896CF5000FD0B4 /* MapAnnotation.swift */,
				CD04EA6220895E12000FD0B4 /* Main.storyboard */,
				CD04EA6520895E16000FD0B4 /* Assets.xcassets */,
				CD04EA6720895E16000FD0B4 /* LaunchScreen.storyboard */,
				CD04EA70208960F1000FD0B4 /* Fireball.scnp */,
				CD04EA71208960F1000FD0B4 /* spark.png */,
				CD04EA6A20895E16000FD0B4 /* Info.plist */,
			);
			path = FolledoPokemonGo;
			sourceTree = "<group>";
		};
/* End PBXGroup section */

/* Begin PBXNativeTarget section */
		CD04EA5820895E11000FD0B4 /* FolledoPokemonGo */ = {
			isa = PBXNativeTarget;
			buildConfigurationList = CD04EA6D20895E16000FD0B4 /* Build configuration list for PBXNativeTarget "FolledoPokemonGo" */;
			buildPhases = (
				CD04EA5520895E11000FD0B4 /* Sources */,
				CD04EA5620895E11000FD0B4 /* Frameworks */,
				CD04EA5720895E11000FD0B4 /* Resources */,
			);
			buildRules = (
			);
			dependencies = (
			);
			name = FolledoPokemonGo;
			productName = FolledoPokemonGo;
			productReference = CD04EA5920895E11000FD0B4 /* FolledoPokemonGo.app */;
			productType = "com.apple.product-type.application";
		};
/* End PBXNativeTarget section */

/* Begin PBXProject section */
		CD04EA5120895E11000FD0B4 /* Project object */ = {
			isa = PBXProject;
			attributes = {
				LastSwiftUpdateCheck = 0930;
				LastUpgradeCheck = 0930;
				ORGANIZATIONNAME = "Samuel Folledo";
				TargetAttributes = {
					CD04EA5820895E11000FD0B4 = {
						CreatedOnToolsVersion = 9.3;
					};
				};
			};
			buildConfigurationList = CD04EA5420895E11000FD0B4 /* Build configuration list for PBXProject "FolledoPokemonGo" */;
			compatibilityVersion = "Xcode 9.3";
			developmentRegion = en;
			hasScannedForEncodings = 0;
			knownRegions = (
				en,
				Base,
			);
			mainGroup = CD04EA5020895E11000FD0B4;
			productRefGroup = CD04EA5A20895E11000FD0B4 /* Products */;
			projectDirPath = "";
			projectRoot = "";
			targets = (
				CD04EA5820895E11000FD0B4 /* FolledoPokemonGo */,
			);
		};
/* End PBXProject section */

/* Begin PBXResourcesBuildPhase section */
		CD04EA5720895E11000FD0B4 /* Resources */ = {
			isa = PBXResourcesBuildPhase;
			buildActionMask = 2147483647;
			files = (
				CD04EA5F20895E12000FD0B4 /* art.scnassets in Resources */,
				CD04EA73208960F1000FD0B4 /* spark.png in Resources */,
				CD04EA6920895E16000FD0B4 /* LaunchScreen.storyboard in Resources */,
				CD04EA6620895E16000FD0B4 /* Assets.xcassets in Resources */,
				CD04EA6420895E12000FD0B4 /* Main.storyboard in Resources */,
				CD04EA72208960F1000FD0B4 /* Fireball.scnp in Resources */,
			);
			runOnlyForDeploymentPostprocessing = 0;
		};
/* End PBXResourcesBuildPhase section */

/* Begin PBXSourcesBuildPhase section */
		CD04EA5520895E11000FD0B4 /* Sources */ = {
			isa = PBXSourcesBuildPhase;
			buildActionMask = 2147483647;
			files = (
				CD04EA6120895E12000FD0B4 /* ViewController.swift in Sources */,
				CD04EA8520896CF5000FD0B4 /* MapAnnotation.swift in Sources */,
				CD04EA8320896923000FD0B4 /* ARItem.swift in Sources */,
				CD04EA812089661E000FD0B4 /* MapViewController.swift in Sources */,
				CD04EA5D20895E11000FD0B4 /* AppDelegate.swift in Sources */,
			);
			runOnlyForDeploymentPostprocessing = 0;
		};
/* End PBXSourcesBuildPhase section */

/* Begin PBXVariantGroup section */
		CD04EA6220895E12000FD0B4 /* Main.storyboard */ = {
			isa = PBXVariantGroup;
			children = (
				CD04EA6320895E12000FD0B4 /* Base */,
			);
			name = Main.storyboard;
			sourceTree = "<group>";
		};
		CD04EA6720895E16000FD0B4 /* LaunchScreen.storyboard */ = {
			isa = PBXVariantGroup;
			children = (
				CD04EA6820895E16000FD0B4 /* Base */,
			);
			name = LaunchScreen.storyboard;
			sourceTree = "<group>";
		};
/* End PBXVariantGroup section */

/* Begin XCBuildConfiguration section */
		CD04EA6B20895E16000FD0B4 /* Debug */ = {
			isa = XCBuildConfiguration;
			buildSettings = {
				ALWAYS_SEARCH_USER_PATHS = NO;
				CLANG_ANALYZER_NONNULL = YES;
				CLANG_ANALYZER_NUMBER_OBJECT_CONVERSION = YES_AGGRESSIVE;
				CLANG_CXX_LANGUAGE_STANDARD = "gnu++14";
				CLANG_CXX_LIBRARY = "libc++";
				CLANG_ENABLE_MODULES = YES;
				CLANG_ENABLE_OBJC_ARC = YES;
				CLANG_ENABLE_OBJC_WEAK = YES;
				CLANG_WARN_BLOCK_CAPTURE_AUTORELEASING = YES;
				CLANG_WARN_BOOL_CONVERSION = YES;
				CLANG_WARN_COMMA = YES;
				CLANG_WARN_CONSTANT_CONVERSION = YES;
				CLANG_WARN_DEPRECATED_OBJC_IMPLEMENTATIONS = YES;
				CLANG_WARN_DIRECT_OBJC_ISA_USAGE = YES_ERROR;
				CLANG_WARN_DOCUMENTATION_COMMENTS = YES;
				CLANG_WARN_EMPTY_BODY = YES;
				CLANG_WARN_ENUM_CONVERSION = YES;
				CLANG_WARN_INFINITE_RECURSION = YES;
				CLANG_WARN_INT_CONVERSION = YES;
				CLANG_WARN_NON_LITERAL_NULL_CONVERSION = YES;
				CLANG_WARN_OBJC_IMPLICIT_RETAIN_SELF = YES;
				CLANG_WARN_OBJC_LITERAL_CONVERSION = YES;
				CLANG_WARN_OBJC_ROOT_CLASS = YES_ERROR;
				CLANG_WARN_RANGE_LOOP_ANALYSIS = YES;
				CLANG_WARN_STRICT_PROTOTYPES = YES;
				CLANG_WARN_SUSPICIOUS_MOVE = YES;
				CLANG_WARN_UNGUARDED_AVAILABILITY = YES_AGGRESSIVE;
				CLANG_WARN_UNREACHABLE_CODE = YES;
				CLANG_WARN__DUPLICATE_METHOD_MATCH = YES;
				CODE_SIGN_IDENTITY = "iPhone Developer";
				COPY_PHASE_STRIP = NO;
				DEBUG_INFORMATION_FORMAT = dwarf;
				ENABLE_STRICT_OBJC_MSGSEND = YES;
				ENABLE_TESTABILITY = YES;
				GCC_C_LANGUAGE_STANDARD = gnu11;
				GCC_DYNAMIC_NO_PIC = NO;
				GCC_NO_COMMON_BLOCKS = YES;
				GCC_OPTIMIZATION_LEVEL = 0;
				GCC_PREPROCESSOR_DEFINITIONS = (
					"DEBUG=1",
					"$(inherited)",
				);
				GCC_WARN_64_TO_32_BIT_CONVERSION = YES;
				GCC_WARN_ABOUT_RETURN_TYPE = YES_ERROR;
				GCC_WARN_UNDECLARED_SELECTOR = YES;
				GCC_WARN_UNINITIALIZED_AUTOS = YES_AGGRESSIVE;
				GCC_WARN_UNUSED_FUNCTION = YES;
				GCC_WARN_UNUSED_VARIABLE = YES;
				IPHONEOS_DEPLOYMENT_TARGET = 11.3;
				MTL_ENABLE_DEBUG_INFO = YES;
				ONLY_ACTIVE_ARCH = YES;
				SDKROOT = iphoneos;
				SWIFT_ACTIVE_COMPILATION_CONDITIONS = DEBUG;
				SWIFT_OPTIMIZATION_LEVEL = "-Onone";
			};
			name = Debug;
		};
		CD04EA6C20895E16000FD0B4 /* Release */ = {
			isa = XCBuildConfiguration;
			buildSettings = {
				ALWAYS_SEARCH_USER_PATHS = NO;
				CLANG_ANALYZER_NONNULL = YES;
				CLANG_ANALYZER_NUMBER_OBJECT_CONVERSION = YES_AGGRESSIVE;
				CLANG_CXX_LANGUAGE_STANDARD = "gnu++14";
				CLANG_CXX_LIBRARY = "libc++";
				CLANG_ENABLE_MODULES = YES;
				CLANG_ENABLE_OBJC_ARC = YES;
				CLANG_ENABLE_OBJC_WEAK = YES;
				CLANG_WARN_BLOCK_CAPTURE_AUTORELEASING = YES;
				CLANG_WARN_BOOL_CONVERSION = YES;
				CLANG_WARN_COMMA = YES;
				CLANG_WARN_CONSTANT_CONVERSION = YES;
				CLANG_WARN_DEPRECATED_OBJC_IMPLEMENTATIONS = YES;
				CLANG_WARN_DIRECT_OBJC_ISA_USAGE = YES_ERROR;
				CLANG_WARN_DOCUMENTATION_COMMENTS = YES;
				CLANG_WARN_EMPTY_BODY = YES;
				CLANG_WARN_ENUM_CONVERSION = YES;
				CLANG_WARN_INFINITE_RECURSION = YES;
				CLANG_WARN_INT_CONVERSION = YES;
				CLANG_WARN_NON_LITERAL_NULL_CONVERSION = YES;
				CLANG_WARN_OBJC_IMPLICIT_RETAIN_SELF = YES;
				CLANG_WARN_OBJC_LITERAL_CONVERSION = YES;
				CLANG_WARN_OBJC_ROOT_CLASS = YES_ERROR;
				CLANG_WARN_RANGE_LOOP_ANALYSIS = YES;
				CLANG_WARN_STRICT_PROTOTYPES = YES;
				CLANG_WARN_SUSPICIOUS_MOVE = YES;
				CLANG_WARN_UNGUARDED_AVAILABILITY = YES_AGGRESSIVE;
				CLANG_WARN_UNREACHABLE_CODE = YES;
				CLANG_WARN__DUPLICATE_METHOD_MATCH = YES;
				CODE_SIGN_IDENTITY = "iPhone Developer";
				COPY_PHASE_STRIP = NO;
				DEBUG_INFORMATION_FORMAT = "dwarf-with-dsym";
				ENABLE_NS_ASSERTIONS = NO;
				ENABLE_STRICT_OBJC_MSGSEND = YES;
				GCC_C_LANGUAGE_STANDARD = gnu11;
				GCC_NO_COMMON_BLOCKS = YES;
				GCC_WARN_64_TO_32_BIT_CONVERSION = YES;
				GCC_WARN_ABOUT_RETURN_TYPE = YES_ERROR;
				GCC_WARN_UNDECLARED_SELECTOR = YES;
				GCC_WARN_UNINITIALIZED_AUTOS = YES_AGGRESSIVE;
				GCC_WARN_UNUSED_FUNCTION = YES;
				GCC_WARN_UNUSED_VARIABLE = YES;
				IPHONEOS_DEPLOYMENT_TARGET = 11.3;
				MTL_ENABLE_DEBUG_INFO = NO;
				SDKROOT = iphoneos;
				SWIFT_COMPILATION_MODE = wholemodule;
				SWIFT_OPTIMIZATION_LEVEL = "-O";
				VALIDATE_PRODUCT = YES;
			};
			name = Release;
		};
		CD04EA6E20895E16000FD0B4 /* Debug */ = {
			isa = XCBuildConfiguration;
			buildSettings = {
				ASSETCATALOG_COMPILER_APPICON_NAME = AppIcon;
				CODE_SIGN_STYLE = Automatic;
				DEVELOPMENT_TEAM = 9NY68F4K3P;
				INFOPLIST_FILE = FolledoPokemonGo/Info.plist;
				LD_RUNPATH_SEARCH_PATHS = (
					"$(inherited)",
					"@executable_path/Frameworks",
				);
				PRODUCT_BUNDLE_IDENTIFIER = SamelFolledo.FolledoPokemonGo;
				PRODUCT_NAME = "$(TARGET_NAME)";
				SWIFT_VERSION = 4.0;
				TARGETED_DEVICE_FAMILY = "1,2";
			};
			name = Debug;
		};
		CD04EA6F20895E16000FD0B4 /* Release */ = {
			isa = XCBuildConfiguration;
			buildSettings = {
				ASSETCATALOG_COMPILER_APPICON_NAME = AppIcon;
				CODE_SIGN_STYLE = Automatic;
				DEVELOPMENT_TEAM = 9NY68F4K3P;
				INFOPLIST_FILE = FolledoPokemonGo/Info.plist;
				LD_RUNPATH_SEARCH_PATHS = (
					"$(inherited)",
					"@executable_path/Frameworks",
				);
				PRODUCT_BUNDLE_IDENTIFIER = SamelFolledo.FolledoPokemonGo;
				PRODUCT_NAME = "$(TARGET_NAME)";
				SWIFT_VERSION = 4.0;
				TARGETED_DEVICE_FAMILY = "1,2";
			};
			name = Release;
		};
/* End XCBuildConfiguration section */

/* Begin XCConfigurationList section */
		CD04EA5420895E11000FD0B4 /* Build configuration list for PBXProject "FolledoPokemonGo" */ = {
			isa = XCConfigurationList;
			buildConfigurations = (
				CD04EA6B20895E16000FD0B4 /* Debug */,
				CD04EA6C20895E16000FD0B4 /* Release */,
			);
			defaultConfigurationIsVisible = 0;
			defaultConfigurationName = Release;
		};
		CD04EA6D20895E16000FD0B4 /* Build configuration list for PBXNativeTarget "FolledoPokemonGo" */ = {
			isa = XCConfigurationList;
			buildConfigurations = (
				CD04EA6E20895E16000FD0B4 /* Debug */,
				CD04EA6F20895E16000FD0B4 /* Release */,
			);
			defaultConfigurationIsVisible = 0;
			defaultConfigurationName = Release;
		};
/* End XCConfigurationList section */
	};
	rootObject = CD04EA5120895E11000FD0B4 /* Project object */;
}
